
Microsoft Visual Studio Solution File, Format Version 12.00
# Visual Studio Version 16
VisualStudioVersion = 16.0.31605.320
MinimumVisualStudioVersion = 10.0.40219.1
Project("{FAE04EC0-301F-11D3-BF4B-00C04F79EFBC}") = "Gmail MockUp.Android", "Gmail MockUp\Gmail MockUp.Android\Gmail MockUp.Android.csproj", "{B9EED574-2B81-433C-AD06-11EC11DB2430}"
EndProject
Project("{FAE04EC0-301F-11D3-BF4B-00C04F79EFBC}") = "Gmail MockUp.iOS", "Gmail MockUp\Gmail MockUp.iOS\Gmail MockUp.iOS.csproj", "{261B5AB7-E596-44A7-975B-994F6583972E}"
EndProject
Project("{FAE04EC0-301F-11D3-BF4B-00C04F79EFBC}") = "Gmail MockUp", "Gmail MockUp\Gmail MockUp\Gmail MockUp.csproj", "{2164C387-983B-4C08-AC6D-B12AC4E62DDB}"
EndProject
Global
	GlobalSection(SolutionConfigurationPlatforms) = preSolution
		Debug|Any CPU = Debug|Any CPU
		Debug|iPhone = Debug|iPhone
		Debug|iPhoneSimulator = Debug|iPhoneSimulator
		Release|Any CPU = Release|Any CPU
		Release|iPhone = Release|iPhone
		Release|iPhoneSimulator = Release|iPhoneSimulator
	EndGlobalSection
	GlobalSection(ProjectConfigurationPlatforms) = postSolution
		{B9EED574-2B81-433C-AD06-11EC11DB2430}.Debug|Any CPU.ActiveCfg = Debug|Any CPU
		{B9EED574-2B81-433C-AD06-11EC11DB2430}.Debug|Any CPU.Build.0 = Debug|Any CPU
		{B9EED574-2B81-433C-AD06-11EC11DB2430}.Debug|Any CPU.Deploy.0 = Debug|Any CPU
		{B9EED574-2B81-433C-AD06-11EC11DB2430}.Debug|iPhone.ActiveCfg = Debug|Any CPU
		{B9EED574-2B81-433C-AD06-11EC11DB2430}.Debug|iPhone.Build.0 = Debug|Any CPU
		{B9EED574-2B81-433C-AD06-11EC11DB2430}.Debug|iPhone.Deploy.0 = Debug|Any CPU
		{B9EED574-2B81-433C-AD06-11EC11DB2430}.Debug|iPhoneSimulator.ActiveCfg = Debug|Any CPU
		{B9EED574-2B81-433C-AD06-11EC11DB2430}.Debug|iPhoneSimulator.Build.0 = Debug|Any CPU
		{B9EED574-2B81-433C-AD06-11EC11DB2430}.Debug|iPhoneSimulator.Deploy.0 = Debug|Any CPU
		{B9EED574-2B81-433C-AD06-11EC11DB2430}.Release|Any CPU.ActiveCfg = Release|Any CPU
		{B9EED574-2B81-433C-AD06-11EC11DB2430}.Release|Any CPU.Build.0 = Release|Any CPU
		{B9EED574-2B81-433C-AD06-11EC11DB2430}.Release|Any CPU.Deploy.0 = Release|Any CPU
		{B9EED574-2B81-433C-AD06-11EC11DB2430}.Release|iPhone.ActiveCfg = Release|Any CPU
		{B9EED574-2B81-433C-AD06-11EC11DB2430}.Release|iPhone.Build.0 = Release|Any CPU
		{B9EED574-2B81-433C-AD06-11EC11DB2430}.Release|iPhone.Deploy.0 = Release|Any CPU
		{B9EED574-2B81-433C-AD06-11EC11DB2430}.Release|iPhoneSimulator.ActiveCfg = Release|Any CPU
		{B9EED574-2B81-433C-AD06-11EC11DB2430}.Release|iPhoneSimulator.Build.0 = Release|Any CPU
		{B9EED574-2B81-433C-AD06-11EC11DB2430}.Release|iPhoneSimulator.Deploy.0 = Release|Any CPU
		{261B5AB7-E596-44A7-975B-994F6583972E}.Debug|Any CPU.ActiveCfg = Debug|iPhone
		{261B5AB7-E596-44A7-975B-994F6583972E}.Debug|Any CPU.Build.0 = Debug|iPhone
		{261B5AB7-E596-44A7-975B-994F6583972E}.Debug|Any CPU.Deploy.0 = Debug|iPhone
		{261B5AB7-E596-44A7-975B-994F6583972E}.Debug|iPhone.ActiveCfg = Debug|iPhone
		{261B5AB7-E596-44A7-975B-994F6583972E}.Debug|iPhone.Build.0 = Debug|iPhone
		{261B5AB7-E596-44A7-975B-994F6583972E}.Debug|iPhone.Deploy.0 = Debug|iPhone
		{261B5AB7-E596-44A7-975B-994F6583972E}.Debug|iPhoneSimulator.ActiveCfg = Debug|iPhoneSimulator
		{261B5AB7-E596-44A7-975B-994F6583972E}.Debug|iPhoneSimulator.Build.0 = Debug|iPhoneSimulator
		{261B5AB7-E596-44A7-975B-994F6583972E}.Debug|iPhoneSimulator.Deploy.0 = Debug|iPhoneSimulator
		{261B5AB7-E596-44A7-975B-994F6583972E}.Release|Any CPU.ActiveCfg = Release|iPhoneSimulator
		{261B5AB7-E596-44A7-975B-994F6583972E}.Release|Any CPU.Build.0 = Release|iPhoneSimulator
		{261B5AB7-E596-44A7-975B-994F6583972E}.Release|Any CPU.Deploy.0 = Release|iPhoneSimulator
		{261B5AB7-E596-44A7-975B-994F6583972E}.Release|iPhone.ActiveCfg = Release|iPhone
		{261B5AB7-E596-44A7-975B-994F6583972E}.Release|iPhone.Build.0 = Release|iPhone
		{261B5AB7-E596-44A7-975B-994F6583972E}.Release|iPhone.Deploy.0 = Release|iPhone
		{261B5AB7-E596-44A7-975B-994F6583972E}.Release|iPhoneSimulator.ActiveCfg = Release|iPhoneSimulator
		{261B5AB7-E596-44A7-975B-994F6583972E}.Release|iPhoneSimulator.Build.0 = Release|iPhoneSimulator
		{261B5AB7-E596-44A7-975B-994F6583972E}.Release|iPhoneSimulator.Deploy.0 = Release|iPhoneSimulator
		{2164C387-983B-4C08-AC6D-B12AC4E62DDB}.Debug|Any CPU.ActiveCfg = Debug|Any CPU
		{2164C387-983B-4C08-AC6D-B12AC4E62DDB}.Debug|Any CPU.Build.0 = Debug|Any CPU
		{2164C387-983B-4C08-AC6D-B12AC4E62DDB}.Debug|Any CPU.Deploy.0 = Debug|Any CPU
		{2164C387-983B-4C08-AC6D-B12AC4E62DDB}.Debug|iPhone.ActiveCfg = Debug|Any CPU
		{2164C387-983B-4C08-AC6D-B12AC4E62DDB}.Debug|iPhone.Build.0 = Debug|Any CPU
		{2164C387-983B-4C08-AC6D-B12AC4E62DDB}.Debug|iPhone.Deploy.0 = Debug|Any CPU
		{2164C387-983B-4C08-AC6D-B12AC4E62DDB}.Debug|iPhoneSimulator.ActiveCfg = Debug|Any CPU
		{2164C387-983B-4C08-AC6D-B12AC4E62DDB}.Debug|iPhoneSimulator.Build.0 = Debug|Any CPU
		{2164C387-983B-4C08-AC6D-B12AC4E62DDB}.Debug|iPhoneSimulator.Deploy.0 = Debug|Any CPU
		{2164C387-983B-4C08-AC6D-B12AC4E62DDB}.Release|Any CPU.ActiveCfg = Release|Any CPU
		{2164C387-983B-4C08-AC6D-B12AC4E62DDB}.Release|Any CPU.Build.0 = Release|Any CPU
		{2164C387-983B-4C08-AC6D-B12AC4E62DDB}.Release|Any CPU.Deploy.0 = Release|Any CPU
		{2164C387-983B-4C08-AC6D-B12AC4E62DDB}.Release|iPhone.ActiveCfg = Release|Any CPU
		{2164C387-983B-4C08-AC6D-B12AC4E62DDB}.Release|iPhone.Build.0 = Release|Any CPU
		{2164C387-983B-4C08-AC6D-B12AC4E62DDB}.Release|iPhone.Deploy.0 = Release|Any CPU
		{2164C387-983B-4C08-AC6D-B12AC4E62DDB}.Release|iPhoneSimulator.ActiveCfg = Release|Any CPU
		{2164C387-983B-4C08-AC6D-B12AC4E62DDB}.Release|iPhoneSimulator.Build.0 = Release|Any CPU
		{2164C387-983B-4C08-AC6D-B12AC4E62DDB}.Release|iPhoneSimulator.Deploy.0 = Release|Any CPU
	EndGlobalSection
	GlobalSection(SolutionProperties) = preSolution
		HideSolutionNode = FALSE
	EndGlobalSection
	GlobalSection(ExtensibilityGlobals) = postSolution
		SolutionGuid = {B14CB893-738E-4A29-B136-B2B154015390}
	EndGlobalSection
EndGlobal
